
Microsoft Visual Studio Solution File, Format Version 12.00
# Visual Studio Version 16
VisualStudioVersion = 16.0.31729.503
MinimumVisualStudioVersion = 10.0.40219.1
Project("{FAE04EC0-301F-11D3-BF4B-00C04F79EFBC}") = "FinalProject", "FinalProject\FinalProject.csproj", "{E4C3F5C9-1251-425C-A6F1-ADF42F6FB02A}"
EndProject
Global
	GlobalSection(SolutionConfigurationPlatforms) = preSolution
		Debug|Any CPU = Debug|Any CPU
		Release|Any CPU = Release|Any CPU
	EndGlobalSection
	GlobalSection(ProjectConfigurationPlatforms) = postSolution
		{E4C3F5C9-1251-425C-A6F1-ADF42F6FB02A}.Debug|Any CPU.ActiveCfg = Debug|Any CPU
		{E4C3F5C9-1251-425C-A6F1-ADF42F6FB02A}.Debug|Any CPU.Build.0 = Debug|Any CPU
		{E4C3F5C9-1251-425C-A6F1-ADF42F6FB02A}.Release|Any CPU.ActiveCfg = Release|Any CPU
		{E4C3F5C9-1251-425C-A6F1-ADF42F6FB02A}.Release|Any CPU.Build.0 = Release|Any CPU
	EndGlobalSection
	GlobalSection(SolutionProperties) = preSolution
		HideSolutionNode = FALSE
	EndGlobalSection
	GlobalSection(ExtensibilityGlobals) = postSolution
		SolutionGuid = {F1C49DBD-D316-4B5E-9122-B333AC0E85A7}
	EndGlobalSection
EndGlobal
